
Microsoft Visual Studio Solution File, Format Version 12.00
# Visual Studio Version 16
VisualStudioVersion = 16.0.30804.86
MinimumVisualStudioVersion = 10.0.40219.1
Project("{FAE04EC0-301F-11D3-BF4B-00C04F79EFBC}") = "OnlineExam", "OnlineExam\OnlineExam.csproj", "{A7CF0E9D-97B5-485C-8483-15538DA46020}"
EndProject
Global
	GlobalSection(SolutionConfigurationPlatforms) = preSolution
		Debug|Any CPU = Debug|Any CPU
		Release|Any CPU = Release|Any CPU
	EndGlobalSection
	GlobalSection(ProjectConfigurationPlatforms) = postSolution
		{A7CF0E9D-97B5-485C-8483-15538DA46020}.Debug|Any CPU.ActiveCfg = Debug|Any CPU
		{A7CF0E9D-97B5-485C-8483-15538DA46020}.Debug|Any CPU.Build.0 = Debug|Any CPU
		{A7CF0E9D-97B5-485C-8483-15538DA46020}.Release|Any CPU.ActiveCfg = Release|Any CPU
		{A7CF0E9D-97B5-485C-8483-15538DA46020}.Release|Any CPU.Build.0 = Release|Any CPU
	EndGlobalSection
	GlobalSection(SolutionProperties) = preSolution
		HideSolutionNode = FALSE
	EndGlobalSection
	GlobalSection(ExtensibilityGlobals) = postSolution
		SolutionGuid = {DC4A7B4E-A732-4EF1-8FE9-7494E3E26844}
	EndGlobalSection
EndGlobal
